
Microsoft Visual Studio Solution File, Format Version 12.00
# Visual Studio Version 17
VisualStudioVersion = 17.4.33213.308
MinimumVisualStudioVersion = 10.0.40219.1
Project("{FAE04EC0-301F-11D3-BF4B-00C04F79EFBC}") = "TrenRezervasyonApi", "TrenRezervasyonApi.csproj", "{865EC910-77B7-40BF-88BD-F79AAE9A6847}"
EndProject
Global
	GlobalSection(SolutionConfigurationPlatforms) = preSolution
		Debug|Any CPU = Debug|Any CPU
		Release|Any CPU = Release|Any CPU
	EndGlobalSection
	GlobalSection(ProjectConfigurationPlatforms) = postSolution
		{865EC910-77B7-40BF-88BD-F79AAE9A6847}.Debug|Any CPU.ActiveCfg = Debug|Any CPU
		{865EC910-77B7-40BF-88BD-F79AAE9A6847}.Debug|Any CPU.Build.0 = Debug|Any CPU
		{865EC910-77B7-40BF-88BD-F79AAE9A6847}.Release|Any CPU.ActiveCfg = Release|Any CPU
		{865EC910-77B7-40BF-88BD-F79AAE9A6847}.Release|Any CPU.Build.0 = Release|Any CPU
	EndGlobalSection
	GlobalSection(SolutionProperties) = preSolution
		HideSolutionNode = FALSE
	EndGlobalSection
	GlobalSection(ExtensibilityGlobals) = postSolution
		SolutionGuid = {B941B964-2802-422C-BBE9-EE6A45B2DA7B}
	EndGlobalSection
EndGlobal
